<?xml version="1.0" encoding="UTF-8"?>
<Scheme
   LastUpgradeVersion = "0700"
   version = "1.3">
   <BuildAction
      parallelizeBuildables = "YES"
      buildImplicitDependencies = "YES">
      <BuildActionEntries>
         <BuildActionEntry
            buildForTesting = "YES"
            buildForRunning = "YES"
            buildForProfiling = "YES"
            buildForArchiving = "YES"
            buildForAnalyzing = "YES">
            <BuildableReference
               BuildableIdentifier = "primary"
               BlueprintIdentifier = "3ABB8F901BCEBC7100A68AA6"
               BuildableName = "WatchTester.app"
               BlueprintName = "WatchTester"
               ReferencedContainer = "container:Buildasaur-Tester.xcodeproj">
            </BuildableReference>
         </BuildActionEntry>
         <BuildActionEntry
            buildForTesting = "YES"
            buildForRunning = "YES"
            buildForProfiling = "YES"
            buildForArchiving = "YES"
            buildForAnalyzing = "YES">
            <BuildableReference
               BuildableIdentifier = "primary"
               BlueprintIdentifier = "3A02C8E51AD9502B00C06948"
               BuildableName = "Buildasaur-Tester.app"
               BlueprintName = "Buildasaur-Tester"
               ReferencedContainer = "container:Buildasaur-Tester.xcodeproj">
            </BuildableReference>
         </BuildActionEntry>
         <BuildActionEntry
            buildForTesting = "YES"
            buildForRunning = "YES"
            buildForProfiling = "YES"
            buildForArchiving = "YES"
            buildForAnalyzing = "YES">
            <BuildableReference
               BuildableIdentifier = "primary"
               BlueprintIdentifier = "3ABB8F9C1BCEBC7100A68AA6"
               BuildableName = "WatchTester Extension.appex"
               BlueprintName = "WatchTester Extension"
               ReferencedContainer = "container:Buildasaur-Tester.xcodeproj">
            </BuildableReference>
         </BuildActionEntry>
      </BuildActionEntries>
   </BuildAction>
   <TestAction
      buildConfiguration = "Debug"
      selectedDebuggerIdentifier = "Xcode.DebuggerFoundation.Debugger.LLDB"
      selectedLauncherIdentifier = "Xcode.DebuggerFoundation.Launcher.LLDB"
      shouldUseLaunchSchemeArgsEnv = "YES">
      <Testables>
      </Testables>
      <MacroExpansion>
         <BuildableReference
            BuildableIdentifier = "primary"
            BlueprintIdentifier = "3ABB8F901BCEBC7100A68AA6"
            BuildableName = "WatchTester.app"
            BlueprintName = "WatchTester"
            ReferencedContainer = "container:Buildasaur-Tester.xcodeproj">
         </BuildableReference>
      </MacroExpansion>
      <AdditionalOptions>
      </AdditionalOptions>
   </TestAction>
   <LaunchAction
      buildConfiguration = "Debug"
      selectedDebuggerIdentifier = "Xcode.DebuggerFoundation.Debugger.LLDB"
      selectedLauncherIdentifier = "Xcode.DebuggerFoundation.Launcher.LLDB"
      launchStyle = "0"
      useCustomWorkingDirectory = "NO"
      ignoresPersistentStateOnLaunch = "NO"
      debugDocumentVersioning = "YES"
      debugServiceExtension = "internal"
      allowLocationSimulation = "YES">
      <RemoteRunnable
         runnableDebuggingMode = "2"
         BundleIdentifier = "com.apple.carousel"
         RemotePath = "/Buildasaur-Tester">
         <BuildableReference
            BuildableIdentifier = "primary"
            BlueprintIdentifier = "3ABB8F901BCEBC7100A68AA6"
            BuildableName = "WatchTester.app"
            BlueprintName = "WatchTester"
            ReferencedContainer = "container:Buildasaur-Tester.xcodeproj">
         </BuildableReference>
      </RemoteRunnable>
      <MacroExpansion>
         <BuildableReference
            BuildableIdentifier = "primary"
            BlueprintIdentifier = "3ABB8F901BCEBC7100A68AA6"
            BuildableName = "WatchTester.app"
            BlueprintName = "WatchTester"
            ReferencedContainer = "container:Buildasaur-Tester.xcodeproj">
         </BuildableReference>
      </MacroExpansion>
      <AdditionalOptions>
      </AdditionalOptions>
   </LaunchAction>
   <ProfileAction
      buildConfiguration = "Release"
      shouldUseLaunchSchemeArgsEnv = "YES"
      savedToolIdentifier = ""
      useCustomWorkingDirectory = "NO"
      debugDocumentVersioning = "YES">
      <RemoteRunnable
         runnableDebuggingMode = "2"
         BundleIdentifier = "com.apple.carousel"
         RemotePath = "/Buildasaur-Tester">
         <BuildableReference
            BuildableIdentifier = "primary"
            BlueprintIdentifier = "3ABB8F901BCEBC7100A68AA6"
            BuildableName = "WatchTester.app"
            BlueprintName = "WatchTester"
            ReferencedContainer = "container:Buildasaur-Tester.xcodeproj">
         </BuildableReference>
      </RemoteRunnable>
      <MacroExpansion>
         <BuildableReference
            BuildableIdentifier = "primary"
            BlueprintIdentifier = "3ABB8F901BCEBC7100A68AA6"
            BuildableName = "WatchTester.app"
            BlueprintName = "WatchTester"
            ReferencedContainer = "container:Buildasaur-Tester.xcodeproj">
         </BuildableReference>
      </MacroExpansion>
   </ProfileAction>
   <AnalyzeAction
      buildConfiguration = "Debug">
   </AnalyzeAction>
   <ArchiveAction
      buildConfiguration = "Release"
      revealArchiveInOrganizer = "YES">
   </ArchiveAction>
</Scheme>
